
Microsoft Visual Studio Solution File, Format Version 12.00
# Visual Studio 2017
Project("{FAE04EC0-301F-11D3-BF4B-00C04F79EFBC}") = "PollutionOnPorpoise", "PollutionOnPorpoise.csproj", "{83A9E7B6-F928-334C-10B8-08D7A4B6BB5D}"
EndProject
Project("{FAE04EC0-301F-11D3-BF4B-00C04F79EFBC}") = "PollutionOnPorpoise.Editor", "PollutionOnPorpoise.Editor.csproj", "{059EAB0C-9FF4-41E7-480B-8BD019BDCA76}"
EndProject
Global
	GlobalSection(SolutionConfigurationPlatforms) = preSolution
		Debug|Any CPU = Debug|Any CPU
		Release|Any CPU = Release|Any CPU
	EndGlobalSection
	GlobalSection(ProjectConfigurationPlatforms) = postSolution
		{83A9E7B6-F928-334C-10B8-08D7A4B6BB5D}.Debug|Any CPU.ActiveCfg = Debug|Any CPU
		{83A9E7B6-F928-334C-10B8-08D7A4B6BB5D}.Debug|Any CPU.Build.0 = Debug|Any CPU
		{83A9E7B6-F928-334C-10B8-08D7A4B6BB5D}.Release|Any CPU.ActiveCfg = Release|Any CPU
		{83A9E7B6-F928-334C-10B8-08D7A4B6BB5D}.Release|Any CPU.Build.0 = Release|Any CPU
		{059EAB0C-9FF4-41E7-480B-8BD019BDCA76}.Debug|Any CPU.ActiveCfg = Debug|Any CPU
		{059EAB0C-9FF4-41E7-480B-8BD019BDCA76}.Debug|Any CPU.Build.0 = Debug|Any CPU
		{059EAB0C-9FF4-41E7-480B-8BD019BDCA76}.Release|Any CPU.ActiveCfg = Release|Any CPU
		{059EAB0C-9FF4-41E7-480B-8BD019BDCA76}.Release|Any CPU.Build.0 = Release|Any CPU
	EndGlobalSection
	GlobalSection(SolutionProperties) = preSolution
		HideSolutionNode = FALSE
	EndGlobalSection
EndGlobal
